{
  "name": "bx-rest",
  "version": "0.0.1",
  "lockfileVersion": 2,
  "requires": true,
  "packages": {
    "": {
      "name": "bx-rest",
      "version": "0.0.1",
      "license": "ISC",
      "dependencies": {
        "@angular/common": "^16.1.8",
        "@angular/core": "^16.1.8",
        "@angular/router": "^16.1.8",
        "@ngrx/store": "^16.2.0",
        "entities": "^4.5.0",
        "just-clone": "^6.2.0",
        "just-compare": "^2.3.0",
        "luxon": "^3.3.0",
        "parse5": "^7.1.2",
        "rxjs": "^7.8.1",
        "safevalues": "^0.3.4",
        "tslib": "^2.6.1",
        "zone.js": "^0.13.1"
      },
      "devDependencies": {
        "just-flatten-it": "^5.2.0"
      }
    },
    "node_modules/@angular/common": {
      "version": "16.1.8",
      "resolved": "https://registry.npmjs.org/@angular/common/-/common-16.1.8.tgz",
      "integrity": "sha512-Zm+Ysxdf74VwG3mbAqs2v1QFUR+h9RyJBXF5VFABEpgFw7NUOBKrayjJmKjgZ0TBAmL2+nXehJgcPph3zNp3sg==",
      "dependencies": {
        "tslib": "^2.3.0"
      },
      "engines": {
        "node": "^16.14.0 || >=18.10.0"
      },
      "peerDependencies": {
        "@angular/core": "16.1.8",
        "rxjs": "^6.5.3 || ^7.4.0"
      }
    },
    "node_modules/@angular/core": {
      "version": "16.1.8",
      "resolved": "https://registry.npmjs.org/@angular/core/-/core-16.1.8.tgz",
      "integrity": "sha512-XtOpY9HA85hPGrPwe1rgE8NJ3bFWbuJFx4SUlzB66k9B5jo8bD2Dxl/0id55RFS5gmvCe/Qhh0zoGyMpkWjMHA==",
      "dependencies": {
        "tslib": "^2.3.0"
      },
      "engines": {
        "node": "^16.14.0 || >=18.10.0"
      },
      "peerDependencies": {
        "rxjs": "^6.5.3 || ^7.4.0",
        "zone.js": "~0.13.0"
      }
    },
    "node_modules/@angular/platform-browser": {
      "version": "16.1.8",
      "resolved": "https://registry.npmjs.org/@angular/platform-browser/-/platform-browser-16.1.8.tgz",
      "integrity": "sha512-wfUCVU7DLMHy5Rw7LY8KSTuLk0ff2bWElT6WSAKXXFEPjQiWuXbbIe+gglJX5HFQQHoyVwNbsSDIIgEp535Kvw==",
      "peer": true,
      "dependencies": {
        "tslib": "^2.3.0"
      },
      "engines": {
        "node": "^16.14.0 || >=18.10.0"
      },
      "peerDependencies": {
        "@angular/animations": "16.1.8",
        "@angular/common": "16.1.8",
        "@angular/core": "16.1.8"
      },
      "peerDependenciesMeta": {
        "@angular/animations": {
          "optional": true
        }
      }
    },
    "node_modules/@angular/router": {
      "version": "16.1.8",
      "resolved": "https://registry.npmjs.org/@angular/router/-/router-16.1.8.tgz",
      "integrity": "sha512-p11Mz0qQbl26fcEEQ9LEUZhKrca9kqSwMWgxBRMWZl0AgtbWQadiVdjiQY0rvpohI7qSO8m3s7CFIQLKIOEvYQ==",
      "dependencies": {
        "tslib": "^2.3.0"
      },
      "engines": {
        "node": "^16.14.0 || >=18.10.0"
      },
      "peerDependencies": {
        "@angular/common": "16.1.8",
        "@angular/core": "16.1.8",
        "@angular/platform-browser": "16.1.8",
        "rxjs": "^6.5.3 || ^7.4.0"
      }
    },
    "node_modules/@ngrx/store": {
      "version": "16.2.0",
      "resolved": "https://registry.npmjs.org/@ngrx/store/-/store-16.2.0.tgz",
      "integrity": "sha512-C7oIUC87xXV+1dTGUwYG/L4p0IZdYv/Ou1nTL/LffyAHllmmygTA5gzLB87abLOhucAxlFIQMQ8t/GSxdk/+QA==",
      "dependencies": {
        "tslib": "^2.0.0"
      },
      "peerDependencies": {
        "@angular/core": "^16.0.0",
        "rxjs": "^6.5.3 || ^7.5.0"
      }
    },
    "node_modules/entities": {
      "version": "4.5.0",
      "resolved": "https://registry.npmjs.org/entities/-/entities-4.5.0.tgz",
      "integrity": "sha512-V0hjH4dGPh9Ao5p0MoRY6BVqtwCjhz6vI5LT8AJ55H+4g9/4vbHx1I54fS0XuclLhDHArPQCiMjDxjaL8fPxhw==",
      "engines": {
        "node": ">=0.12"
      },
      "funding": {
        "url": "https://github.com/fb55/entities?sponsor=1"
      }
    },
    "node_modules/just-clone": {
      "version": "6.2.0",
      "resolved": "https://registry.npmjs.org/just-clone/-/just-clone-6.2.0.tgz",
      "integrity": "sha512-1IynUYEc/HAwxhi3WDpIpxJbZpMCvvrrmZVqvj9EhpvbH8lls7HhdhiByjL7DkAaWlLIzpC0Xc/VPvy/UxLNjA=="
    },
    "node_modules/just-compare": {
      "version": "2.3.0",
      "resolved": "https://registry.npmjs.org/just-compare/-/just-compare-2.3.0.tgz",
      "integrity": "sha512-6shoR7HDT+fzfL3gBahx1jZG3hWLrhPAf+l7nCwahDdT9XDtosB9kIF0ZrzUp5QY8dJWfQVr5rnsPqsbvflDzg=="
    },
    "node_modules/just-flatten-it": {
      "version": "5.2.0",
      "resolved": "https://registry.npmjs.org/just-flatten-it/-/just-flatten-it-5.2.0.tgz",
      "integrity": "sha512-fnRUzoIY/d523s+nIAL/RCQLlQi1gt73EBljCYg7pQaui+e2l/rHD1dFNXi8eG0TZ26nlCdrJ3jmczpWcvvfXw==",
      "dev": true
    },
    "node_modules/luxon": {
      "version": "3.3.0",
      "resolved": "https://registry.npmjs.org/luxon/-/luxon-3.3.0.tgz",
      "integrity": "sha512-An0UCfG/rSiqtAIiBPO0Y9/zAnHUZxAMiCpTd5h2smgsj7GGmcenvrvww2cqNA8/4A5ZrD1gJpHN2mIHZQF+Mg==",
      "engines": {
        "node": ">=12"
      }
    },
    "node_modules/parse5": {
      "version": "7.1.2",
      "resolved": "https://registry.npmjs.org/parse5/-/parse5-7.1.2.tgz",
      "integrity": "sha512-Czj1WaSVpaoj0wbhMzLmWD69anp2WH7FXMB9n1Sy8/ZFF9jolSQVMu1Ij5WIyGmcBmhk7EOndpO4mIpihVqAXw==",
      "dependencies": {
        "entities": "^4.4.0"
      },
      "funding": {
        "url": "https://github.com/inikulin/parse5?sponsor=1"
      }
    },
    "node_modules/rxjs": {
      "version": "7.8.1",
      "resolved": "https://registry.npmjs.org/rxjs/-/rxjs-7.8.1.tgz",
      "integrity": "sha512-AA3TVj+0A2iuIoQkWEK/tqFjBq2j+6PO6Y0zJcvzLAFhEFIO3HL0vls9hWLncZbAAbK0mar7oZ4V079I/qPMxg==",
      "dependencies": {
        "tslib": "^2.1.0"
      }
    },
    "node_modules/safevalues": {
      "version": "0.3.4",
      "resolved": "https://registry.npmjs.org/safevalues/-/safevalues-0.3.4.tgz",
      "integrity": "sha512-LRneZZRXNgjzwG4bDQdOTSbze3fHm1EAKN/8bePxnlEZiBmkYEDggaHbuvHI9/hoqHbGfsEA7tWS9GhYHZBBsw=="
    },
    "node_modules/tslib": {
      "version": "2.6.1",
      "resolved": "https://registry.npmjs.org/tslib/-/tslib-2.6.1.tgz",
      "integrity": "sha512-t0hLfiEKfMUoqhG+U1oid7Pva4bbDPHYfJNiB7BiIjRkj1pyC++4N3huJfqY6aRH6VTB0rvtzQwjM4K6qpfOig=="
    },
    "node_modules/zone.js": {
      "version": "0.13.1",
      "resolved": "https://registry.npmjs.org/zone.js/-/zone.js-0.13.1.tgz",
      "integrity": "sha512-+bIeDAFEBYuXRuU3qGQvzdPap+N1zjM4KkBAiiQuVVCrHrhjDuY6VkUhNa5+U27+9w0q3fbKiMCbpJ0XzMmSWA==",
      "dependencies": {
        "tslib": "^2.3.0"
      }
    }
  },
  "dependencies": {
    "@angular/common": {
      "version": "16.1.8",
      "resolved": "https://registry.npmjs.org/@angular/common/-/common-16.1.8.tgz",
      "integrity": "sha512-Zm+Ysxdf74VwG3mbAqs2v1QFUR+h9RyJBXF5VFABEpgFw7NUOBKrayjJmKjgZ0TBAmL2+nXehJgcPph3zNp3sg==",
      "requires": {
        "tslib": "^2.3.0"
      }
    },
    "@angular/core": {
      "version": "16.1.8",
      "resolved": "https://registry.npmjs.org/@angular/core/-/core-16.1.8.tgz",
      "integrity": "sha512-XtOpY9HA85hPGrPwe1rgE8NJ3bFWbuJFx4SUlzB66k9B5jo8bD2Dxl/0id55RFS5gmvCe/Qhh0zoGyMpkWjMHA==",
      "requires": {
        "tslib": "^2.3.0"
      }
    },
    "@angular/platform-browser": {
      "version": "16.1.8",
      "resolved": "https://registry.npmjs.org/@angular/platform-browser/-/platform-browser-16.1.8.tgz",
      "integrity": "sha512-wfUCVU7DLMHy5Rw7LY8KSTuLk0ff2bWElT6WSAKXXFEPjQiWuXbbIe+gglJX5HFQQHoyVwNbsSDIIgEp535Kvw==",
      "peer": true,
      "requires": {
        "tslib": "^2.3.0"
      }
    },
    "@angular/router": {
      "version": "16.1.8",
      "resolved": "https://registry.npmjs.org/@angular/router/-/router-16.1.8.tgz",
      "integrity": "sha512-p11Mz0qQbl26fcEEQ9LEUZhKrca9kqSwMWgxBRMWZl0AgtbWQadiVdjiQY0rvpohI7qSO8m3s7CFIQLKIOEvYQ==",
      "requires": {
        "tslib": "^2.3.0"
      }
    },
    "@ngrx/store": {
      "version": "16.2.0",
      "resolved": "https://registry.npmjs.org/@ngrx/store/-/store-16.2.0.tgz",
      "integrity": "sha512-C7oIUC87xXV+1dTGUwYG/L4p0IZdYv/Ou1nTL/LffyAHllmmygTA5gzLB87abLOhucAxlFIQMQ8t/GSxdk/+QA==",
      "requires": {
        "tslib": "^2.0.0"
      }
    },
    "entities": {
      "version": "4.5.0",
      "resolved": "https://registry.npmjs.org/entities/-/entities-4.5.0.tgz",
      "integrity": "sha512-V0hjH4dGPh9Ao5p0MoRY6BVqtwCjhz6vI5LT8AJ55H+4g9/4vbHx1I54fS0XuclLhDHArPQCiMjDxjaL8fPxhw=="
    },
    "just-clone": {
      "version": "6.2.0",
      "resolved": "https://registry.npmjs.org/just-clone/-/just-clone-6.2.0.tgz",
      "integrity": "sha512-1IynUYEc/HAwxhi3WDpIpxJbZpMCvvrrmZVqvj9EhpvbH8lls7HhdhiByjL7DkAaWlLIzpC0Xc/VPvy/UxLNjA=="
    },
    "just-compare": {
      "version": "2.3.0",
      "resolved": "https://registry.npmjs.org/just-compare/-/just-compare-2.3.0.tgz",
      "integrity": "sha512-6shoR7HDT+fzfL3gBahx1jZG3hWLrhPAf+l7nCwahDdT9XDtosB9kIF0ZrzUp5QY8dJWfQVr5rnsPqsbvflDzg=="
    },
    "just-flatten-it": {
      "version": "5.2.0",
      "resolved": "https://registry.npmjs.org/just-flatten-it/-/just-flatten-it-5.2.0.tgz",
      "integrity": "sha512-fnRUzoIY/d523s+nIAL/RCQLlQi1gt73EBljCYg7pQaui+e2l/rHD1dFNXi8eG0TZ26nlCdrJ3jmczpWcvvfXw==",
      "dev": true
    },
    "luxon": {
      "version": "3.3.0",
      "resolved": "https://registry.npmjs.org/luxon/-/luxon-3.3.0.tgz",
      "integrity": "sha512-An0UCfG/rSiqtAIiBPO0Y9/zAnHUZxAMiCpTd5h2smgsj7GGmcenvrvww2cqNA8/4A5ZrD1gJpHN2mIHZQF+Mg=="
    },
    "parse5": {
      "version": "7.1.2",
      "resolved": "https://registry.npmjs.org/parse5/-/parse5-7.1.2.tgz",
      "integrity": "sha512-Czj1WaSVpaoj0wbhMzLmWD69anp2WH7FXMB9n1Sy8/ZFF9jolSQVMu1Ij5WIyGmcBmhk7EOndpO4mIpihVqAXw==",
      "requires": {
        "entities": "^4.4.0"
      }
    },
    "rxjs": {
      "version": "7.8.1",
      "resolved": "https://registry.npmjs.org/rxjs/-/rxjs-7.8.1.tgz",
      "integrity": "sha512-AA3TVj+0A2iuIoQkWEK/tqFjBq2j+6PO6Y0zJcvzLAFhEFIO3HL0vls9hWLncZbAAbK0mar7oZ4V079I/qPMxg==",
      "requires": {
        "tslib": "^2.1.0"
      }
    },
    "safevalues": {
      "version": "0.3.4",
      "resolved": "https://registry.npmjs.org/safevalues/-/safevalues-0.3.4.tgz",
      "integrity": "sha512-LRneZZRXNgjzwG4bDQdOTSbze3fHm1EAKN/8bePxnlEZiBmkYEDggaHbuvHI9/hoqHbGfsEA7tWS9GhYHZBBsw=="
    },
    "tslib": {
      "version": "2.6.1",
      "resolved": "https://registry.npmjs.org/tslib/-/tslib-2.6.1.tgz",
      "integrity": "sha512-t0hLfiEKfMUoqhG+U1oid7Pva4bbDPHYfJNiB7BiIjRkj1pyC++4N3huJfqY6aRH6VTB0rvtzQwjM4K6qpfOig=="
    },
    "zone.js": {
      "version": "0.13.1",
      "resolved": "https://registry.npmjs.org/zone.js/-/zone.js-0.13.1.tgz",
      "integrity": "sha512-+bIeDAFEBYuXRuU3qGQvzdPap+N1zjM4KkBAiiQuVVCrHrhjDuY6VkUhNa5+U27+9w0q3fbKiMCbpJ0XzMmSWA==",
      "requires": {
        "tslib": "^2.3.0"
      }
    }
  }
}
